
Microsoft Visual Studio Solution File, Format Version 12.00
# Visual Studio Version 17
VisualStudioVersion = 17.9.34622.214
MinimumVisualStudioVersion = 10.0.40219.1
Project("{FAE04EC0-301F-11D3-BF4B-00C04F79EFBC}") = "Szemelyisegteszt", "Szemelyisegteszt\Szemelyisegteszt.csproj", "{09F0424B-2705-4AB5-80C2-1DD58F6276AB}"
EndProject
Global
	GlobalSection(SolutionConfigurationPlatforms) = preSolution
		Debug|Any CPU = Debug|Any CPU
		Release|Any CPU = Release|Any CPU
	EndGlobalSection
	GlobalSection(ProjectConfigurationPlatforms) = postSolution
		{09F0424B-2705-4AB5-80C2-1DD58F6276AB}.Debug|Any CPU.ActiveCfg = Debug|Any CPU
		{09F0424B-2705-4AB5-80C2-1DD58F6276AB}.Debug|Any CPU.Build.0 = Debug|Any CPU
		{09F0424B-2705-4AB5-80C2-1DD58F6276AB}.Release|Any CPU.ActiveCfg = Release|Any CPU
		{09F0424B-2705-4AB5-80C2-1DD58F6276AB}.Release|Any CPU.Build.0 = Release|Any CPU
	EndGlobalSection
	GlobalSection(SolutionProperties) = preSolution
		HideSolutionNode = FALSE
	EndGlobalSection
	GlobalSection(ExtensibilityGlobals) = postSolution
		SolutionGuid = {FCBCC401-712D-425E-BB2B-CF9C37F420D7}
	EndGlobalSection
EndGlobal
